// !$*UTF8*$!
{
	archiveVersion = 1;
	classes = {
	};
	objectVersion = 46;
	objects = {

/* Begin PBXBuildFile section */
		9255BF401BEEFDC900CEF907 /* AppDelegate.swift in Sources */ = {isa = PBXBuildFile; fileRef = 9255BF3F1BEEFDC900CEF907 /* AppDelegate.swift */; };
		9255BF421BEEFDC900CEF907 /* ViewController.swift in Sources */ = {isa = PBXBuildFile; fileRef = 9255BF411BEEFDC900CEF907 /* ViewController.swift */; };
		9255BF451BEEFDC900CEF907 /* Main.storyboard in Resources */ = {isa = PBXBuildFile; fileRef = 9255BF431BEEFDC900CEF907 /* Main.storyboard */; };
		9255BF471BEEFDC900CEF907 /* Assets.xcassets in Resources */ = {isa = PBXBuildFile; fileRef = 9255BF461BEEFDC900CEF907 /* Assets.xcassets */; };
		9255BF4A1BEEFDC900CEF907 /* LaunchScreen.storyboard in Resources */ = {isa = PBXBuildFile; fileRef = 9255BF481BEEFDC900CEF907 /* LaunchScreen.storyboard */; };
/* End PBXBuildFile section */

/* Begin PBXFileReference section */
		9255BF3C1BEEFDC900CEF907 /* weather.app */ = {isa = PBXFileReference; explicitFileType = wrapper.application; includeInIndex = 0; path = weather.app; sourceTree = BUILT_PRODUCTS_DIR; };
		9255BF3F1BEEFDC900CEF907 /* AppDelegate.swift */ = {isa = PBXFileReference; lastKnownFileType = sourcecode.swift; path = AppDelegate.swift; sourceTree = "<group>"; };
		9255BF411BEEFDC900CEF907 /* ViewController.swift */ = {isa = PBXFileReference; lastKnownFileType = sourcecode.swift; path = ViewController.swift; sourceTree = "<group>"; };
		9255BF441BEEFDC900CEF907 /* Base */ = {isa = PBXFileReference; lastKnownFileType = file.storyboard; name = Base; path = Base.lproj/Main.storyboard; sourceTree = "<group>"; };
		9255BF461BEEFDC900CEF907 /* Assets.xcassets */ = {isa = PBXFileReference; lastKnownFileType = folder.assetcatalog; path = Assets.xcassets; sourceTree = "<group>"; };
		9255BF491BEEFDC900CEF907 /* Base */ = {isa = PBXFileReference; lastKnownFileType = file.storyboard; name = Base; path = Base.lproj/LaunchScreen.storyboard; sourceTree = "<group>"; };
		9255BF4B1BEEFDC900CEF907 /* Info.plist */ = {isa = PBXFileReference; lastKnownFileType = text.plist.xml; path = Info.plist; sourceTree = "<group>"; };
/* End PBXFileReference section */

/* Begin PBXFrameworksBuildPhase section */
		9255BF391BEEFDC900CEF907 /* Frameworks */ = {
			isa = PBXFrameworksBuildPhase;
			buildActionMask = 2147483647;
			files = (
			);
			runOnlyForDeploymentPostprocessing = 0;
		};
/* End PBXFrameworksBuildPhase section */

/* Begin PBXGroup section */
		9255BF331BEEFDC900CEF907 = {
			isa = PBXGroup;
			children = (
				9255BF3E1BEEFDC900CEF907 /* weather */,
				9255BF3D1BEEFDC900CEF907 /* Products */,
			);
			sourceTree = "<group>";
		};
		9255BF3D1BEEFDC900CEF907 /* Products */ = {
			isa = PBXGroup;
			children = (
				9255BF3C1BEEFDC900CEF907 /* weather.app */,
			);
			name = Products;
			sourceTree = "<group>";
		};
		9255BF3E1BEEFDC900CEF907 /* weather */ = {
			isa = PBXGroup;
			children = (
				9255BF3F1BEEFDC900CEF907 /* AppDelegate.swift */,
				9255BF411BEEFDC900CEF907 /* ViewController.swift */,
				9255BF431BEEFDC900CEF907 /* Main.storyboard */,
				9255BF461BEEFDC900CEF907 /* Assets.xcassets */,
				9255BF481BEEFDC900CEF907 /* LaunchScreen.storyboard */,
				9255BF4B1BEEFDC900CEF907 /* Info.plist */,
			);
			path = weather;
			sourceTree = "<group>";
		};
/* End PBXGroup section */

/* Begin PBXNativeTarget section */
		9255BF3B1BEEFDC900CEF907 /* weather */ = {
			isa = PBXNativeTarget;
			buildConfigurationList = 9255BF4E1BEEFDCA00CEF907 /* Build configuration list for PBXNativeTarget "weather" */;
			buildPhases = (
				9255BF381BEEFDC900CEF907 /* Sources */,
				9255BF391BEEFDC900CEF907 /* Frameworks */,
				9255BF3A1BEEFDC900CEF907 /* Resources */,
			);
			buildRules = (
			);
			dependencies = (
			);
			name = weather;
			productName = weather;
			productReference = 9255BF3C1BEEFDC900CEF907 /* weather.app */;
			productType = "com.apple.product-type.application";
		};
/* End PBXNativeTarget section */

/* Begin PBXProject section */
		9255BF341BEEFDC900CEF907 /* Project object */ = {
			isa = PBXProject;
			attributes = {
				LastSwiftUpdateCheck = 0710;
				LastUpgradeCheck = 0710;
				ORGANIZATIONNAME = "Estuardo Morales";
				TargetAttributes = {
					9255BF3B1BEEFDC900CEF907 = {
						CreatedOnToolsVersion = 7.1;
					};
				};
			};
			buildConfigurationList = 9255BF371BEEFDC900CEF907 /* Build configuration list for PBXProject "weather" */;
			compatibilityVersion = "Xcode 3.2";
			developmentRegion = English;
			hasScannedForEncodings = 0;
			knownRegions = (
				en,
				Base,
			);
			mainGroup = 9255BF331BEEFDC900CEF907;
			productRefGroup = 9255BF3D1BEEFDC900CEF907 /* Products */;
			projectDirPath = "";
			projectRoot = "";
			targets = (
				9255BF3B1BEEFDC900CEF907 /* weather */,
			);
		};
/* End PBXProject section */

/* Begin PBXResourcesBuildPhase section */
		9255BF3A1BEEFDC900CEF907 /* Resources */ = {
			isa = PBXResourcesBuildPhase;
			buildActionMask = 2147483647;
			files = (
				9255BF4A1BEEFDC900CEF907 /* LaunchScreen.storyboard in Resources */,
				9255BF471BEEFDC900CEF907 /* Assets.xcassets in Resources */,
				9255BF451BEEFDC900CEF907 /* Main.storyboard in Resources */,
			);
			runOnlyForDeploymentPostprocessing = 0;
		};
/* End PBXResourcesBuildPhase section */

/* Begin PBXSourcesBuildPhase section */
		9255BF381BEEFDC900CEF907 /* Sources */ = {
			isa = PBXSourcesBuildPhase;
			buildActionMask = 2147483647;
			files = (
				9255BF421BEEFDC900CEF907 /* ViewController.swift in Sources */,
				9255BF401BEEFDC900CEF907 /* AppDelegate.swift in Sources */,
			);
			runOnlyForDeploymentPostprocessing = 0;
		};
/* End PBXSourcesBuildPhase section */

/* Begin PBXVariantGroup section */
		9255BF431BEEFDC900CEF907 /* Main.storyboard */ = {
			isa = PBXVariantGroup;
			children = (
				9255BF441BEEFDC900CEF907 /* Base */,
			);
			name = Main.storyboard;
			sourceTree = "<group>";
		};
		9255BF481BEEFDC900CEF907 /* LaunchScreen.storyboard */ = {
			isa = PBXVariantGroup;
			children = (
				9255BF491BEEFDC900CEF907 /* Base */,
			);
			name = LaunchScreen.storyboard;
			sourceTree = "<group>";
		};
/* End PBXVariantGroup section */

/* Begin XCBuildConfiguration section */
		9255BF4C1BEEFDCA00CEF907 /* Debug */ = {
			isa = XCBuildConfiguration;
			buildSettings = {
				ALWAYS_SEARCH_USER_PATHS = NO;
				CLANG_CXX_LANGUAGE_STANDARD = "gnu++0x";
				CLANG_CXX_LIBRARY = "libc++";
				CLANG_ENABLE_MODULES = YES;
				CLANG_ENABLE_OBJC_ARC = YES;
				CLANG_WARN_BOOL_CONVERSION = YES;
				CLANG_WARN_CONSTANT_CONVERSION = YES;
				CLANG_WARN_DIRECT_OBJC_ISA_USAGE = YES_ERROR;
				CLANG_WARN_EMPTY_BODY = YES;
				CLANG_WARN_ENUM_CONVERSION = YES;
				CLANG_WARN_INT_CONVERSION = YES;
				CLANG_WARN_OBJC_ROOT_CLASS = YES_ERROR;
				CLANG_WARN_UNREACHABLE_CODE = YES;
				CLANG_WARN__DUPLICATE_METHOD_MATCH = YES;
				"CODE_SIGN_IDENTITY[sdk=iphoneos*]" = "iPhone Developer";
				COPY_PHASE_STRIP = NO;
				DEBUG_INFORMATION_FORMAT = dwarf;
				ENABLE_STRICT_OBJC_MSGSEND = YES;
				ENABLE_TESTABILITY = YES;
				GCC_C_LANGUAGE_STANDARD = gnu99;
				GCC_DYNAMIC_NO_PIC = NO;
				GCC_NO_COMMON_BLOCKS = YES;
				GCC_OPTIMIZATION_LEVEL = 0;
				GCC_PREPROCESSOR_DEFINITIONS = (
					"DEBUG=1",
					"$(inherited)",
				);
				GCC_WARN_64_TO_32_BIT_CONVERSION = YES;
				GCC_WARN_ABOUT_RETURN_TYPE = YES_ERROR;
				GCC_WARN_UNDECLARED_SELECTOR = YES;
				GCC_WARN_UNINITIALIZED_AUTOS = YES_AGGRESSIVE;
				GCC_WARN_UNUSED_FUNCTION = YES;
				GCC_WARN_UNUSED_VARIABLE = YES;
				IPHONEOS_DEPLOYMENT_TARGET = 9.1;
				MTL_ENABLE_DEBUG_INFO = YES;
				ONLY_ACTIVE_ARCH = YES;
				SDKROOT = iphoneos;
				SWIFT_OPTIMIZATION_LEVEL = "-Onone";
			};
			name = Debug;
		};
		9255BF4D1BEEFDCA00CEF907 /* Release */ = {
			isa = XCBuildConfiguration;
			buildSettings = {
				ALWAYS_SEARCH_USER_PATHS = NO;
				CLANG_CXX_LANGUAGE_STANDARD = "gnu++0x";
				CLANG_CXX_LIBRARY = "libc++";
				CLANG_ENABLE_MODULES = YES;
				CLANG_ENABLE_OBJC_ARC = YES;
				CLANG_WARN_BOOL_CONVERSION = YES;
				CLANG_WARN_CONSTANT_CONVERSION = YES;
				CLANG_WARN_DIRECT_OBJC_ISA_USAGE = YES_ERROR;
				CLANG_WARN_EMPTY_BODY = YES;
				CLANG_WARN_ENUM_CONVERSION = YES;
				CLANG_WARN_INT_CONVERSION = YES;
				CLANG_WARN_OBJC_ROOT_CLASS = YES_ERROR;
				CLANG_WARN_UNREACHABLE_CODE = YES;
				CLANG_WARN__DUPLICATE_METHOD_MATCH = YES;
				"CODE_SIGN_IDENTITY[sdk=iphoneos*]" = "iPhone Developer";
				COPY_PHASE_STRIP = NO;
				DEBUG_INFORMATION_FORMAT = "dwarf-with-dsym";
				ENABLE_NS_ASSERTIONS = NO;
				ENABLE_STRICT_OBJC_MSGSEND = YES;
				GCC_C_LANGUAGE_STANDARD = gnu99;
				GCC_NO_COMMON_BLOCKS = YES;
				GCC_WARN_64_TO_32_BIT_CONVERSION = YES;
				GCC_WARN_ABOUT_RETURN_TYPE = YES_ERROR;
				GCC_WARN_UNDECLARED_SELECTOR = YES;
				GCC_WARN_UNINITIALIZED_AUTOS = YES_AGGRESSIVE;
				GCC_WARN_UNUSED_FUNCTION = YES;
				GCC_WARN_UNUSED_VARIABLE = YES;
				IPHONEOS_DEPLOYMENT_TARGET = 9.1;
				MTL_ENABLE_DEBUG_INFO = NO;
				SDKROOT = iphoneos;
				VALIDATE_PRODUCT = YES;
			};
			name = Release;
		};
		9255BF4F1BEEFDCA00CEF907 /* Debug */ = {
			isa = XCBuildConfiguration;
			buildSettings = {
				ASSETCATALOG_COMPILER_APPICON_NAME = AppIcon;
				INFOPLIST_FILE = weather/Info.plist;
				LD_RUNPATH_SEARCH_PATHS = "$(inherited) @executable_path/Frameworks";
				PRODUCT_BUNDLE_IDENTIFIER = com.elesmote.weather;
				PRODUCT_NAME = "$(TARGET_NAME)";
			};
			name = Debug;
		};
		9255BF501BEEFDCA00CEF907 /* Release */ = {
			isa = XCBuildConfiguration;
			buildSettings = {
				ASSETCATALOG_COMPILER_APPICON_NAME = AppIcon;
				INFOPLIST_FILE = weather/Info.plist;
				LD_RUNPATH_SEARCH_PATHS = "$(inherited) @executable_path/Frameworks";
				PRODUCT_BUNDLE_IDENTIFIER = com.elesmote.weather;
				PRODUCT_NAME = "$(TARGET_NAME)";
			};
			name = Release;
		};
/* End XCBuildConfiguration section */

/* Begin XCConfigurationList section */
		9255BF371BEEFDC900CEF907 /* Build configuration list for PBXProject "weather" */ = {
			isa = XCConfigurationList;
			buildConfigurations = (
				9255BF4C1BEEFDCA00CEF907 /* Debug */,
				9255BF4D1BEEFDCA00CEF907 /* Release */,
			);
			defaultConfigurationIsVisible = 0;
			defaultConfigurationName = Release;
		};
		9255BF4E1BEEFDCA00CEF907 /* Build configuration list for PBXNativeTarget "weather" */ = {
			isa = XCConfigurationList;
			buildConfigurations = (
				9255BF4F1BEEFDCA00CEF907 /* Debug */,
				9255BF501BEEFDCA00CEF907 /* Release */,
			);
			defaultConfigurationIsVisible = 0;
		};
/* End XCConfigurationList section */
	};
	rootObject = 9255BF341BEEFDC900CEF907 /* Project object */;
}
